// !$*UTF8*$!
{
	archiveVersion = 1;
	classes = {
	};
	objectVersion = 46;
	objects = {

/* Begin PBXBuildFile section */
		F20F7AD51C111AB900E7B4C8 /* GoogleService-Info.plist in Resources */ = {isa = PBXBuildFile; fileRef = F20F7AD41C111AB900E7B4C8 /* GoogleService-Info.plist */; };
		F2F805951C111873007A672A /* main.m in Sources */ = {isa = PBXBuildFile; fileRef = F2F805941C111873007A672A /* main.m */; };
		F2F805981C111873007A672A /* AppDelegate.m in Sources */ = {isa = PBXBuildFile; fileRef = F2F805971C111873007A672A /* AppDelegate.m */; };
		F2F8059B1C111873007A672A /* ViewController.m in Sources */ = {isa = PBXBuildFile; fileRef = F2F8059A1C111873007A672A /* ViewController.m */; };
		F2F8059E1C111873007A672A /* Main.storyboard in Resources */ = {isa = PBXBuildFile; fileRef = F2F8059C1C111873007A672A /* Main.storyboard */; };
		F2F805A01C111873007A672A /* Assets.xcassets in Resources */ = {isa = PBXBuildFile; fileRef = F2F8059F1C111873007A672A /* Assets.xcassets */; };
		F2F805A31C111873007A672A /* LaunchScreen.storyboard in Resources */ = {isa = PBXBuildFile; fileRef = F2F805A11C111873007A672A /* LaunchScreen.storyboard */; };
		F38441F7418949668D23CC70 /* libPods-ThirdIdTest.a in Frameworks */ = {isa = PBXBuildFile; fileRef = EAB98A6450B251B1A6246FC5 /* libPods-ThirdIdTest.a */; };
/* End PBXBuildFile section */

/* Begin PBXFileReference section */
		95D751B30A7090F619BFF72E /* Pods-ThirdIdTest.debug.xcconfig */ = {isa = PBXFileReference; includeInIndex = 1; lastKnownFileType = text.xcconfig; name = "Pods-ThirdIdTest.debug.xcconfig"; path = "Pods/Target Support Files/Pods-ThirdIdTest/Pods-ThirdIdTest.debug.xcconfig"; sourceTree = "<group>"; };
		995FAC92555DDCAC2814BC74 /* Pods-ThirdIdTest.release.xcconfig */ = {isa = PBXFileReference; includeInIndex = 1; lastKnownFileType = text.xcconfig; name = "Pods-ThirdIdTest.release.xcconfig"; path = "Pods/Target Support Files/Pods-ThirdIdTest/Pods-ThirdIdTest.release.xcconfig"; sourceTree = "<group>"; };
		EAB98A6450B251B1A6246FC5 /* libPods-ThirdIdTest.a */ = {isa = PBXFileReference; explicitFileType = archive.ar; includeInIndex = 0; path = "libPods-ThirdIdTest.a"; sourceTree = BUILT_PRODUCTS_DIR; };
		F20F7AD41C111AB900E7B4C8 /* GoogleService-Info.plist */ = {isa = PBXFileReference; fileEncoding = 4; lastKnownFileType = text.plist.xml; path = "GoogleService-Info.plist"; sourceTree = "<group>"; };
		F2F805901C111873007A672A /* ThirdIdTest.app */ = {isa = PBXFileReference; explicitFileType = wrapper.application; includeInIndex = 0; path = ThirdIdTest.app; sourceTree = BUILT_PRODUCTS_DIR; };
		F2F805941C111873007A672A /* main.m */ = {isa = PBXFileReference; lastKnownFileType = sourcecode.c.objc; path = main.m; sourceTree = "<group>"; };
		F2F805961C111873007A672A /* AppDelegate.h */ = {isa = PBXFileReference; lastKnownFileType = sourcecode.c.h; path = AppDelegate.h; sourceTree = "<group>"; };
		F2F805971C111873007A672A /* AppDelegate.m */ = {isa = PBXFileReference; lastKnownFileType = sourcecode.c.objc; path = AppDelegate.m; sourceTree = "<group>"; };
		F2F805991C111873007A672A /* ViewController.h */ = {isa = PBXFileReference; lastKnownFileType = sourcecode.c.h; path = ViewController.h; sourceTree = "<group>"; };
		F2F8059A1C111873007A672A /* ViewController.m */ = {isa = PBXFileReference; lastKnownFileType = sourcecode.c.objc; path = ViewController.m; sourceTree = "<group>"; };
		F2F8059D1C111873007A672A /* Base */ = {isa = PBXFileReference; lastKnownFileType = file.storyboard; name = Base; path = Base.lproj/Main.storyboard; sourceTree = "<group>"; };
		F2F8059F1C111873007A672A /* Assets.xcassets */ = {isa = PBXFileReference; lastKnownFileType = folder.assetcatalog; path = Assets.xcassets; sourceTree = "<group>"; };
		F2F805A21C111873007A672A /* Base */ = {isa = PBXFileReference; lastKnownFileType = file.storyboard; name = Base; path = Base.lproj/LaunchScreen.storyboard; sourceTree = "<group>"; };
		F2F805A41C111873007A672A /* Info.plist */ = {isa = PBXFileReference; lastKnownFileType = text.plist.xml; path = Info.plist; sourceTree = "<group>"; };
/* End PBXFileReference section */

/* Begin PBXFrameworksBuildPhase section */
		F2F8058D1C111873007A672A /* Frameworks */ = {
			isa = PBXFrameworksBuildPhase;
			buildActionMask = 2147483647;
			files = (
				F38441F7418949668D23CC70 /* libPods-ThirdIdTest.a in Frameworks */,
			);
			runOnlyForDeploymentPostprocessing = 0;
		};
/* End PBXFrameworksBuildPhase section */

/* Begin PBXGroup section */
		A0C8F455721FFEC48C779D29 /* Pods */ = {
			isa = PBXGroup;
			children = (
				95D751B30A7090F619BFF72E /* Pods-ThirdIdTest.debug.xcconfig */,
				995FAC92555DDCAC2814BC74 /* Pods-ThirdIdTest.release.xcconfig */,
			);
			name = Pods;
			sourceTree = "<group>";
		};
		F2F805871C111873007A672A = {
			isa = PBXGroup;
			children = (
				F2F805921C111873007A672A /* ThirdIdTest */,
				F2F805911C111873007A672A /* Products */,
				A0C8F455721FFEC48C779D29 /* Pods */,
				FFD59EA7BD595D7A01F6EA4E /* Frameworks */,
			);
			sourceTree = "<group>";
		};
		F2F805911C111873007A672A /* Products */ = {
			isa = PBXGroup;
			children = (
				F2F805901C111873007A672A /* ThirdIdTest.app */,
			);
			name = Products;
			sourceTree = "<group>";
		};
		F2F805921C111873007A672A /* ThirdIdTest */ = {
			isa = PBXGroup;
			children = (
				F20F7AD41C111AB900E7B4C8 /* GoogleService-Info.plist */,
				F2F805961C111873007A672A /* AppDelegate.h */,
				F2F805971C111873007A672A /* AppDelegate.m */,
				F2F805991C111873007A672A /* ViewController.h */,
				F2F8059A1C111873007A672A /* ViewController.m */,
				F2F8059C1C111873007A672A /* Main.storyboard */,
				F2F8059F1C111873007A672A /* Assets.xcassets */,
				F2F805A11C111873007A672A /* LaunchScreen.storyboard */,
				F2F805A41C111873007A672A /* Info.plist */,
				F2F805931C111873007A672A /* Supporting Files */,
			);
			path = ThirdIdTest;
			sourceTree = "<group>";
		};
		F2F805931C111873007A672A /* Supporting Files */ = {
			isa = PBXGroup;
			children = (
				F2F805941C111873007A672A /* main.m */,
			);
			name = "Supporting Files";
			sourceTree = "<group>";
		};
		FFD59EA7BD595D7A01F6EA4E /* Frameworks */ = {
			isa = PBXGroup;
			children = (
				EAB98A6450B251B1A6246FC5 /* libPods-ThirdIdTest.a */,
			);
			name = Frameworks;
			sourceTree = "<group>";
		};
/* End PBXGroup section */

/* Begin PBXNativeTarget section */
		F2F8058F1C111873007A672A /* ThirdIdTest */ = {
			isa = PBXNativeTarget;
			buildConfigurationList = F2F805A71C111873007A672A /* Build configuration list for PBXNativeTarget "ThirdIdTest" */;
			buildPhases = (
				1D89F0219C73E390E2348FE3 /* Check Pods Manifest.lock */,
				F2F8058C1C111873007A672A /* Sources */,
				F2F8058D1C111873007A672A /* Frameworks */,
				F2F8058E1C111873007A672A /* Resources */,
				CD4A6F8264124298D8D39BBE /* Embed Pods Frameworks */,
				C556E3D69AE5C2C94DA6EED6 /* Copy Pods Resources */,
			);
			buildRules = (
			);
			dependencies = (
			);
			name = ThirdIdTest;
			productName = ThirdIdTest;
			productReference = F2F805901C111873007A672A /* ThirdIdTest.app */;
			productType = "com.apple.product-type.application";
		};
/* End PBXNativeTarget section */

/* Begin PBXProject section */
		F2F805881C111873007A672A /* Project object */ = {
			isa = PBXProject;
			attributes = {
				LastUpgradeCheck = 0710;
				ORGANIZATIONNAME = dirlt;
				TargetAttributes = {
					F2F8058F1C111873007A672A = {
						CreatedOnToolsVersion = 7.1;
					};
				};
			};
			buildConfigurationList = F2F8058B1C111873007A672A /* Build configuration list for PBXProject "ThirdIdTest" */;
			compatibilityVersion = "Xcode 3.2";
			developmentRegion = English;
			hasScannedForEncodings = 0;
			knownRegions = (
				en,
				Base,
			);
			mainGroup = F2F805871C111873007A672A;
			productRefGroup = F2F805911C111873007A672A /* Products */;
			projectDirPath = "";
			projectRoot = "";
			targets = (
				F2F8058F1C111873007A672A /* ThirdIdTest */,
			);
		};
/* End PBXProject section */

/* Begin PBXResourcesBuildPhase section */
		F2F8058E1C111873007A672A /* Resources */ = {
			isa = PBXResourcesBuildPhase;
			buildActionMask = 2147483647;
			files = (
				F2F805A31C111873007A672A /* LaunchScreen.storyboard in Resources */,
				F20F7AD51C111AB900E7B4C8 /* GoogleService-Info.plist in Resources */,
				F2F805A01C111873007A672A /* Assets.xcassets in Resources */,
				F2F8059E1C111873007A672A /* Main.storyboard in Resources */,
			);
			runOnlyForDeploymentPostprocessing = 0;
		};
/* End PBXResourcesBuildPhase section */

/* Begin PBXShellScriptBuildPhase section */
		1D89F0219C73E390E2348FE3 /* Check Pods Manifest.lock */ = {
			isa = PBXShellScriptBuildPhase;
			buildActionMask = 2147483647;
			files = (
			);
			inputPaths = (
			);
			name = "Check Pods Manifest.lock";
			outputPaths = (
			);
			runOnlyForDeploymentPostprocessing = 0;
			shellPath = /bin/sh;
			shellScript = "diff \"${PODS_ROOT}/../Podfile.lock\" \"${PODS_ROOT}/Manifest.lock\" > /dev/null\nif [[ $? != 0 ]] ; then\n    cat << EOM\nerror: The sandbox is not in sync with the Podfile.lock. Run 'pod install' or update your CocoaPods installation.\nEOM\n    exit 1\nfi\n";
			showEnvVarsInLog = 0;
		};
		C556E3D69AE5C2C94DA6EED6 /* Copy Pods Resources */ = {
			isa = PBXShellScriptBuildPhase;
			buildActionMask = 2147483647;
			files = (
			);
			inputPaths = (
			);
			name = "Copy Pods Resources";
			outputPaths = (
			);
			runOnlyForDeploymentPostprocessing = 0;
			shellPath = /bin/sh;
			shellScript = "\"${SRCROOT}/Pods/Target Support Files/Pods-ThirdIdTest/Pods-ThirdIdTest-resources.sh\"\n";
			showEnvVarsInLog = 0;
		};
		CD4A6F8264124298D8D39BBE /* Embed Pods Frameworks */ = {
			isa = PBXShellScriptBuildPhase;
			buildActionMask = 2147483647;
			files = (
			);
			inputPaths = (
			);
			name = "Embed Pods Frameworks";
			outputPaths = (
			);
			runOnlyForDeploymentPostprocessing = 0;
			shellPath = /bin/sh;
			shellScript = "\"${SRCROOT}/Pods/Target Support Files/Pods-ThirdIdTest/Pods-ThirdIdTest-frameworks.sh\"\n";
			showEnvVarsInLog = 0;
		};
/* End PBXShellScriptBuildPhase section */

/* Begin PBXSourcesBuildPhase section */
		F2F8058C1C111873007A672A /* Sources */ = {
			isa = PBXSourcesBuildPhase;
			buildActionMask = 2147483647;
			files = (
				F2F8059B1C111873007A672A /* ViewController.m in Sources */,
				F2F805981C111873007A672A /* AppDelegate.m in Sources */,
				F2F805951C111873007A672A /* main.m in Sources */,
			);
			runOnlyForDeploymentPostprocessing = 0;
		};
/* End PBXSourcesBuildPhase section */

/* Begin PBXVariantGroup section */
		F2F8059C1C111873007A672A /* Main.storyboard */ = {
			isa = PBXVariantGroup;
			children = (
				F2F8059D1C111873007A672A /* Base */,
			);
			name = Main.storyboard;
			sourceTree = "<group>";
		};
		F2F805A11C111873007A672A /* LaunchScreen.storyboard */ = {
			isa = PBXVariantGroup;
			children = (
				F2F805A21C111873007A672A /* Base */,
			);
			name = LaunchScreen.storyboard;
			sourceTree = "<group>";
		};
/* End PBXVariantGroup section */

/* Begin XCBuildConfiguration section */
		F2F805A51C111873007A672A /* Debug */ = {
			isa = XCBuildConfiguration;
			buildSettings = {
				ALWAYS_SEARCH_USER_PATHS = NO;
				CLANG_CXX_LANGUAGE_STANDARD = "gnu++0x";
				CLANG_CXX_LIBRARY = "libc++";
				CLANG_ENABLE_MODULES = YES;
				CLANG_ENABLE_OBJC_ARC = YES;
				CLANG_WARN_BOOL_CONVERSION = YES;
				CLANG_WARN_CONSTANT_CONVERSION = YES;
				CLANG_WARN_DIRECT_OBJC_ISA_USAGE = YES_ERROR;
				CLANG_WARN_EMPTY_BODY = YES;
				CLANG_WARN_ENUM_CONVERSION = YES;
				CLANG_WARN_INT_CONVERSION = YES;
				CLANG_WARN_OBJC_ROOT_CLASS = YES_ERROR;
				CLANG_WARN_UNREACHABLE_CODE = YES;
				CLANG_WARN__DUPLICATE_METHOD_MATCH = YES;
				"CODE_SIGN_IDENTITY[sdk=iphoneos*]" = "iPhone Developer";
				COPY_PHASE_STRIP = NO;
				DEBUG_INFORMATION_FORMAT = dwarf;
				ENABLE_STRICT_OBJC_MSGSEND = YES;
				ENABLE_TESTABILITY = YES;
				GCC_C_LANGUAGE_STANDARD = gnu99;
				GCC_DYNAMIC_NO_PIC = NO;
				GCC_NO_COMMON_BLOCKS = YES;
				GCC_OPTIMIZATION_LEVEL = 0;
				GCC_PREPROCESSOR_DEFINITIONS = (
					"DEBUG=1",
					"$(inherited)",
				);
				GCC_WARN_64_TO_32_BIT_CONVERSION = YES;
				GCC_WARN_ABOUT_RETURN_TYPE = YES_ERROR;
				GCC_WARN_UNDECLARED_SELECTOR = YES;
				GCC_WARN_UNINITIALIZED_AUTOS = YES_AGGRESSIVE;
				GCC_WARN_UNUSED_FUNCTION = YES;
				GCC_WARN_UNUSED_VARIABLE = YES;
				IPHONEOS_DEPLOYMENT_TARGET = 9.1;
				MTL_ENABLE_DEBUG_INFO = YES;
				ONLY_ACTIVE_ARCH = YES;
				SDKROOT = iphoneos;
				TARGETED_DEVICE_FAMILY = "1,2";
			};
			name = Debug;
		};
		F2F805A61C111873007A672A /* Release */ = {
			isa = XCBuildConfiguration;
			buildSettings = {
				ALWAYS_SEARCH_USER_PATHS = NO;
				CLANG_CXX_LANGUAGE_STANDARD = "gnu++0x";
				CLANG_CXX_LIBRARY = "libc++";
				CLANG_ENABLE_MODULES = YES;
				CLANG_ENABLE_OBJC_ARC = YES;
				CLANG_WARN_BOOL_CONVERSION = YES;
				CLANG_WARN_CONSTANT_CONVERSION = YES;
				CLANG_WARN_DIRECT_OBJC_ISA_USAGE = YES_ERROR;
				CLANG_WARN_EMPTY_BODY = YES;
				CLANG_WARN_ENUM_CONVERSION = YES;
				CLANG_WARN_INT_CONVERSION = YES;
				CLANG_WARN_OBJC_ROOT_CLASS = YES_ERROR;
				CLANG_WARN_UNREACHABLE_CODE = YES;
				CLANG_WARN__DUPLICATE_METHOD_MATCH = YES;
				"CODE_SIGN_IDENTITY[sdk=iphoneos*]" = "iPhone Developer";
				COPY_PHASE_STRIP = NO;
				DEBUG_INFORMATION_FORMAT = "dwarf-with-dsym";
				ENABLE_NS_ASSERTIONS = NO;
				ENABLE_STRICT_OBJC_MSGSEND = YES;
				GCC_C_LANGUAGE_STANDARD = gnu99;
				GCC_NO_COMMON_BLOCKS = YES;
				GCC_WARN_64_TO_32_BIT_CONVERSION = YES;
				GCC_WARN_ABOUT_RETURN_TYPE = YES_ERROR;
				GCC_WARN_UNDECLARED_SELECTOR = YES;
				GCC_WARN_UNINITIALIZED_AUTOS = YES_AGGRESSIVE;
				GCC_WARN_UNUSED_FUNCTION = YES;
				GCC_WARN_UNUSED_VARIABLE = YES;
				IPHONEOS_DEPLOYMENT_TARGET = 9.1;
				MTL_ENABLE_DEBUG_INFO = NO;
				SDKROOT = iphoneos;
				TARGETED_DEVICE_FAMILY = "1,2";
				VALIDATE_PRODUCT = YES;
			};
			name = Release;
		};
		F2F805A81C111873007A672A /* Debug */ = {
			isa = XCBuildConfiguration;
			baseConfigurationReference = 95D751B30A7090F619BFF72E /* Pods-ThirdIdTest.debug.xcconfig */;
			buildSettings = {
				ASSETCATALOG_COMPILER_APPICON_NAME = AppIcon;
				INFOPLIST_FILE = ThirdIdTest/Info.plist;
				LD_RUNPATH_SEARCH_PATHS = "$(inherited) @executable_path/Frameworks";
				PRODUCT_BUNDLE_IDENTIFIER = com.dirlt.ThirdIdTest;
				PRODUCT_NAME = "$(TARGET_NAME)";
			};
			name = Debug;
		};
		F2F805A91C111873007A672A /* Release */ = {
			isa = XCBuildConfiguration;
			baseConfigurationReference = 995FAC92555DDCAC2814BC74 /* Pods-ThirdIdTest.release.xcconfig */;
			buildSettings = {
				ASSETCATALOG_COMPILER_APPICON_NAME = AppIcon;
				INFOPLIST_FILE = ThirdIdTest/Info.plist;
				LD_RUNPATH_SEARCH_PATHS = "$(inherited) @executable_path/Frameworks";
				PRODUCT_BUNDLE_IDENTIFIER = com.dirlt.ThirdIdTest;
				PRODUCT_NAME = "$(TARGET_NAME)";
			};
			name = Release;
		};
/* End XCBuildConfiguration section */

/* Begin XCConfigurationList section */
		F2F8058B1C111873007A672A /* Build configuration list for PBXProject "ThirdIdTest" */ = {
			isa = XCConfigurationList;
			buildConfigurations = (
				F2F805A51C111873007A672A /* Debug */,
				F2F805A61C111873007A672A /* Release */,
			);
			defaultConfigurationIsVisible = 0;
			defaultConfigurationName = Release;
		};
		F2F805A71C111873007A672A /* Build configuration list for PBXNativeTarget "ThirdIdTest" */ = {
			isa = XCConfigurationList;
			buildConfigurations = (
				F2F805A81C111873007A672A /* Debug */,
				F2F805A91C111873007A672A /* Release */,
			);
			defaultConfigurationIsVisible = 0;
			defaultConfigurationName = Release;
		};
/* End XCConfigurationList section */
	};
	rootObject = F2F805881C111873007A672A /* Project object */;
}
